
Microsoft Visual Studio Solution File, Format Version 12.00
# Visual Studio 15
VisualStudioVersion = 15.0.28307.572
MinimumVisualStudioVersion = 10.0.40219.1
Project("{FAE04EC0-301F-11D3-BF4B-00C04F79EFBC}") = "SHENZHENSolitaire", "SHENZHENSolitaire\SHENZHENSolitaire.csproj", "{5F0B2099-EF79-4480-8026-533EF66562EA}"
EndProject
Project("{FAE04EC0-301F-11D3-BF4B-00C04F79EFBC}") = "Tests", "Tests\Tests.csproj", "{74F0679E-D27B-436F-80AA-EFA8AB99AA84}"
EndProject
Project("{FAE04EC0-301F-11D3-BF4B-00C04F79EFBC}") = "CardFingerprintGenerator", "CardFingerprintGenerator\CardFingerprintGenerator.csproj", "{C5F13A18-F25F-48F0-A928-F7FF1F68DF62}"
EndProject
Global
	GlobalSection(SolutionConfigurationPlatforms) = preSolution
		Debug|Any CPU = Debug|Any CPU
		Release|Any CPU = Release|Any CPU
	EndGlobalSection
	GlobalSection(ProjectConfigurationPlatforms) = postSolution
		{5F0B2099-EF79-4480-8026-533EF66562EA}.Debug|Any CPU.ActiveCfg = Debug|Any CPU
		{5F0B2099-EF79-4480-8026-533EF66562EA}.Debug|Any CPU.Build.0 = Debug|Any CPU
		{5F0B2099-EF79-4480-8026-533EF66562EA}.Release|Any CPU.ActiveCfg = Release|Any CPU
		{5F0B2099-EF79-4480-8026-533EF66562EA}.Release|Any CPU.Build.0 = Release|Any CPU
		{74F0679E-D27B-436F-80AA-EFA8AB99AA84}.Debug|Any CPU.ActiveCfg = Debug|Any CPU
		{74F0679E-D27B-436F-80AA-EFA8AB99AA84}.Debug|Any CPU.Build.0 = Debug|Any CPU
		{74F0679E-D27B-436F-80AA-EFA8AB99AA84}.Release|Any CPU.ActiveCfg = Release|Any CPU
		{74F0679E-D27B-436F-80AA-EFA8AB99AA84}.Release|Any CPU.Build.0 = Release|Any CPU
		{C5F13A18-F25F-48F0-A928-F7FF1F68DF62}.Debug|Any CPU.ActiveCfg = Debug|Any CPU
		{C5F13A18-F25F-48F0-A928-F7FF1F68DF62}.Debug|Any CPU.Build.0 = Debug|Any CPU
		{C5F13A18-F25F-48F0-A928-F7FF1F68DF62}.Release|Any CPU.ActiveCfg = Release|Any CPU
		{C5F13A18-F25F-48F0-A928-F7FF1F68DF62}.Release|Any CPU.Build.0 = Release|Any CPU
	EndGlobalSection
	GlobalSection(SolutionProperties) = preSolution
		HideSolutionNode = FALSE
	EndGlobalSection
	GlobalSection(ExtensibilityGlobals) = postSolution
		SolutionGuid = {ECEAAB3C-ED1F-4A3E-86AC-FDC915BE0637}
	EndGlobalSection
EndGlobal
